
Microsoft Visual Studio Solution File, Format Version 12.00
# Visual Studio Version 17
VisualStudioVersion = 17.10.35027.167
MinimumVisualStudioVersion = 10.0.40219.1
Project("{FAE04EC0-301F-11D3-BF4B-00C04F79EFBC}") = "Bingo2", "Bingo2\Bingo2.csproj", "{E16B3C01-8487-4B14-B55B-DBF0C9F73233}"
EndProject
Global
	GlobalSection(SolutionConfigurationPlatforms) = preSolution
		Debug|Any CPU = Debug|Any CPU
		Release|Any CPU = Release|Any CPU
	EndGlobalSection
	GlobalSection(ProjectConfigurationPlatforms) = postSolution
		{E16B3C01-8487-4B14-B55B-DBF0C9F73233}.Debug|Any CPU.ActiveCfg = Debug|Any CPU
		{E16B3C01-8487-4B14-B55B-DBF0C9F73233}.Debug|Any CPU.Build.0 = Debug|Any CPU
		{E16B3C01-8487-4B14-B55B-DBF0C9F73233}.Release|Any CPU.ActiveCfg = Release|Any CPU
		{E16B3C01-8487-4B14-B55B-DBF0C9F73233}.Release|Any CPU.Build.0 = Release|Any CPU
	EndGlobalSection
	GlobalSection(SolutionProperties) = preSolution
		HideSolutionNode = FALSE
	EndGlobalSection
	GlobalSection(ExtensibilityGlobals) = postSolution
		SolutionGuid = {2978B1B6-CFE3-41DB-944A-8C73ABDD29B9}
	EndGlobalSection
EndGlobal
